
Microsoft Visual Studio Solution File, Format Version 12.00
# Visual Studio Version 17
VisualStudioVersion = 17.7.34221.43
MinimumVisualStudioVersion = 10.0.40219.1
Project("{FAE04EC0-301F-11D3-BF4B-00C04F79EFBC}") = "Assignment20", "Assignment20\Assignment20.csproj", "{D7FD88C5-6155-44A3-ACBA-811655AC930A}"
EndProject
Global
	GlobalSection(SolutionConfigurationPlatforms) = preSolution
		Debug|Any CPU = Debug|Any CPU
		Release|Any CPU = Release|Any CPU
	EndGlobalSection
	GlobalSection(ProjectConfigurationPlatforms) = postSolution
		{D7FD88C5-6155-44A3-ACBA-811655AC930A}.Debug|Any CPU.ActiveCfg = Debug|Any CPU
		{D7FD88C5-6155-44A3-ACBA-811655AC930A}.Debug|Any CPU.Build.0 = Debug|Any CPU
		{D7FD88C5-6155-44A3-ACBA-811655AC930A}.Release|Any CPU.ActiveCfg = Release|Any CPU
		{D7FD88C5-6155-44A3-ACBA-811655AC930A}.Release|Any CPU.Build.0 = Release|Any CPU
	EndGlobalSection
	GlobalSection(SolutionProperties) = preSolution
		HideSolutionNode = FALSE
	EndGlobalSection
	GlobalSection(ExtensibilityGlobals) = postSolution
		SolutionGuid = {4AE7DC11-4FA6-466E-A791-47C389746820}
	EndGlobalSection
EndGlobal
